
Microsoft Visual Studio Solution File, Format Version 12.00
# Visual Studio Version 17
VisualStudioVersion = 17.3.32901.215
MinimumVisualStudioVersion = 10.0.40219.1
Project("{8BC9CEB8-8B4A-11D0-8D11-00A0C91BC942}") = "Project3", "Project3.vcxproj", "{015FCF19-C7F5-4DBB-98D4-DD83105A711A}"
EndProject
Global
	GlobalSection(SolutionConfigurationPlatforms) = preSolution
		Debug|x64 = Debug|x64
		Debug|x86 = Debug|x86
		Release|x64 = Release|x64
		Release|x86 = Release|x86
	EndGlobalSection
	GlobalSection(ProjectConfigurationPlatforms) = postSolution
		{015FCF19-C7F5-4DBB-98D4-DD83105A711A}.Debug|x64.ActiveCfg = Debug|x64
		{015FCF19-C7F5-4DBB-98D4-DD83105A711A}.Debug|x64.Build.0 = Debug|x64
		{015FCF19-C7F5-4DBB-98D4-DD83105A711A}.Debug|x86.ActiveCfg = Debug|Win32
		{015FCF19-C7F5-4DBB-98D4-DD83105A711A}.Debug|x86.Build.0 = Debug|Win32
		{015FCF19-C7F5-4DBB-98D4-DD83105A711A}.Release|x64.ActiveCfg = Release|x64
		{015FCF19-C7F5-4DBB-98D4-DD83105A711A}.Release|x64.Build.0 = Release|x64
		{015FCF19-C7F5-4DBB-98D4-DD83105A711A}.Release|x86.ActiveCfg = Release|Win32
		{015FCF19-C7F5-4DBB-98D4-DD83105A711A}.Release|x86.Build.0 = Release|Win32
	EndGlobalSection
	GlobalSection(SolutionProperties) = preSolution
		HideSolutionNode = FALSE
	EndGlobalSection
	GlobalSection(ExtensibilityGlobals) = postSolution
		SolutionGuid = {20071F3D-0707-4F47-B370-1800CDE6447D}
	EndGlobalSection
EndGlobal
